// !$*UTF8*$!
{
	archiveVersion = 1;
	classes = {
	};
	objectVersion = 50;
	objects = {

/* Begin PBXBuildFile section */
		515DAC63246808AC004AADA3 /* CalculatorUnitTests.swift in Sources */ = {isa = PBXBuildFile; fileRef = 515DAC62246808AC004AADA3 /* CalculatorUnitTests.swift */; };
		515DAC7124680E5C004AADA3 /* Data.swift in Sources */ = {isa = PBXBuildFile; fileRef = 515DAC7024680E5C004AADA3 /* Data.swift */; };
		515DAC7324680E8D004AADA3 /* CalculationHistoryTest.swift in Sources */ = {isa = PBXBuildFile; fileRef = 515DAC7224680E8D004AADA3 /* CalculationHistoryTest.swift */; };
		515DAC8924681150004AADA3 /* CalculatorUITestCases.swift in Sources */ = {isa = PBXBuildFile; fileRef = 515DAC8824681150004AADA3 /* CalculatorUITestCases.swift */; };
		517BC68922FFE9E6005B274B /* CalculationHistoryViewController.swift in Sources */ = {isa = PBXBuildFile; fileRef = 517BC68822FFE9E6005B274B /* CalculationHistoryViewController.swift */; };
		517BC68B22FFEAB6005B274B /* CalculationHistoryTableViewCell.swift in Sources */ = {isa = PBXBuildFile; fileRef = 517BC68A22FFEAB6005B274B /* CalculationHistoryTableViewCell.swift */; };
		5196898522FDC55D00ECB646 /* AppDelegate.swift in Sources */ = {isa = PBXBuildFile; fileRef = 5196898422FDC55D00ECB646 /* AppDelegate.swift */; };
		5196898722FDC55D00ECB646 /* ViewController.swift in Sources */ = {isa = PBXBuildFile; fileRef = 5196898622FDC55D00ECB646 /* ViewController.swift */; };
		5196898A22FDC55D00ECB646 /* Main.storyboard in Resources */ = {isa = PBXBuildFile; fileRef = 5196898822FDC55D00ECB646 /* Main.storyboard */; };
		5196898C22FDC56500ECB646 /* Assets.xcassets in Resources */ = {isa = PBXBuildFile; fileRef = 5196898B22FDC56500ECB646 /* Assets.xcassets */; };
		5196898F22FDC56500ECB646 /* LaunchScreen.storyboard in Resources */ = {isa = PBXBuildFile; fileRef = 5196898D22FDC56500ECB646 /* LaunchScreen.storyboard */; };
/* End PBXBuildFile section */

/* Begin PBXContainerItemProxy section */
		515DAC65246808AC004AADA3 /* PBXContainerItemProxy */ = {
			isa = PBXContainerItemProxy;
			containerPortal = 5196897922FDC55D00ECB646 /* Project object */;
			proxyType = 1;
			remoteGlobalIDString = 5196898022FDC55D00ECB646;
			remoteInfo = "padc-calculator";
		};
		515DAC8B24681150004AADA3 /* PBXContainerItemProxy */ = {
			isa = PBXContainerItemProxy;
			containerPortal = 5196897922FDC55D00ECB646 /* Project object */;
			proxyType = 1;
			remoteGlobalIDString = 5196898022FDC55D00ECB646;
			remoteInfo = "padc-calculator";
		};
/* End PBXContainerItemProxy section */

/* Begin PBXFileReference section */
		515DAC60246808AC004AADA3 /* CalculatorUnitTests.xctest */ = {isa = PBXFileReference; explicitFileType = wrapper.cfbundle; includeInIndex = 0; path = CalculatorUnitTests.xctest; sourceTree = BUILT_PRODUCTS_DIR; };
		515DAC62246808AC004AADA3 /* CalculatorUnitTests.swift */ = {isa = PBXFileReference; lastKnownFileType = sourcecode.swift; path = CalculatorUnitTests.swift; sourceTree = "<group>"; };
		515DAC64246808AC004AADA3 /* Info.plist */ = {isa = PBXFileReference; lastKnownFileType = text.plist.xml; path = Info.plist; sourceTree = "<group>"; };
		515DAC7024680E5C004AADA3 /* Data.swift */ = {isa = PBXFileReference; lastKnownFileType = sourcecode.swift; path = Data.swift; sourceTree = "<group>"; };
		515DAC7224680E8D004AADA3 /* CalculationHistoryTest.swift */ = {isa = PBXFileReference; lastKnownFileType = sourcecode.swift; path = CalculationHistoryTest.swift; sourceTree = "<group>"; };
		515DAC8624681150004AADA3 /* CalculatorUITestCases.xctest */ = {isa = PBXFileReference; explicitFileType = wrapper.cfbundle; includeInIndex = 0; path = CalculatorUITestCases.xctest; sourceTree = BUILT_PRODUCTS_DIR; };
		515DAC8824681150004AADA3 /* CalculatorUITestCases.swift */ = {isa = PBXFileReference; lastKnownFileType = sourcecode.swift; path = CalculatorUITestCases.swift; sourceTree = "<group>"; };
		515DAC8A24681150004AADA3 /* Info.plist */ = {isa = PBXFileReference; lastKnownFileType = text.plist.xml; path = Info.plist; sourceTree = "<group>"; };
		517BC68822FFE9E6005B274B /* CalculationHistoryViewController.swift */ = {isa = PBXFileReference; lastKnownFileType = sourcecode.swift; path = CalculationHistoryViewController.swift; sourceTree = "<group>"; };
		517BC68A22FFEAB6005B274B /* CalculationHistoryTableViewCell.swift */ = {isa = PBXFileReference; lastKnownFileType = sourcecode.swift; path = CalculationHistoryTableViewCell.swift; sourceTree = "<group>"; };
		5196898122FDC55D00ECB646 /* Calculator.app */ = {isa = PBXFileReference; explicitFileType = wrapper.application; includeInIndex = 0; path = Calculator.app; sourceTree = BUILT_PRODUCTS_DIR; };
		5196898422FDC55D00ECB646 /* AppDelegate.swift */ = {isa = PBXFileReference; lastKnownFileType = sourcecode.swift; path = AppDelegate.swift; sourceTree = "<group>"; };
		5196898622FDC55D00ECB646 /* ViewController.swift */ = {isa = PBXFileReference; lastKnownFileType = sourcecode.swift; path = ViewController.swift; sourceTree = "<group>"; };
		5196898922FDC55D00ECB646 /* Base */ = {isa = PBXFileReference; lastKnownFileType = file.storyboard; name = Base; path = Base.lproj/Main.storyboard; sourceTree = "<group>"; };
		5196898B22FDC56500ECB646 /* Assets.xcassets */ = {isa = PBXFileReference; lastKnownFileType = folder.assetcatalog; path = Assets.xcassets; sourceTree = "<group>"; };
		5196898E22FDC56500ECB646 /* Base */ = {isa = PBXFileReference; lastKnownFileType = file.storyboard; name = Base; path = Base.lproj/LaunchScreen.storyboard; sourceTree = "<group>"; };
		5196899022FDC56500ECB646 /* Info.plist */ = {isa = PBXFileReference; lastKnownFileType = text.plist.xml; path = Info.plist; sourceTree = "<group>"; };
/* End PBXFileReference section */

/* Begin PBXFrameworksBuildPhase section */
		515DAC5D246808AC004AADA3 /* Frameworks */ = {
			isa = PBXFrameworksBuildPhase;
			buildActionMask = 2147483647;
			files = (
			);
			runOnlyForDeploymentPostprocessing = 0;
		};
		515DAC8324681150004AADA3 /* Frameworks */ = {
			isa = PBXFrameworksBuildPhase;
			buildActionMask = 2147483647;
			files = (
			);
			runOnlyForDeploymentPostprocessing = 0;
		};
		5196897E22FDC55D00ECB646 /* Frameworks */ = {
			isa = PBXFrameworksBuildPhase;
			buildActionMask = 2147483647;
			files = (
			);
			runOnlyForDeploymentPostprocessing = 0;
		};
/* End PBXFrameworksBuildPhase section */

/* Begin PBXGroup section */
		515DAC61246808AC004AADA3 /* CalculatorUnitTests */ = {
			isa = PBXGroup;
			children = (
				515DAC62246808AC004AADA3 /* CalculatorUnitTests.swift */,
				515DAC64246808AC004AADA3 /* Info.plist */,
				515DAC7224680E8D004AADA3 /* CalculationHistoryTest.swift */,
			);
			path = CalculatorUnitTests;
			sourceTree = "<group>";
		};
		515DAC8724681150004AADA3 /* CalculatorUITestCases */ = {
			isa = PBXGroup;
			children = (
				515DAC8824681150004AADA3 /* CalculatorUITestCases.swift */,
				515DAC8A24681150004AADA3 /* Info.plist */,
			);
			path = CalculatorUITestCases;
			sourceTree = "<group>";
		};
		5196897822FDC55D00ECB646 = {
			isa = PBXGroup;
			children = (
				5196898322FDC55D00ECB646 /* padc-calculator */,
				515DAC61246808AC004AADA3 /* CalculatorUnitTests */,
				515DAC8724681150004AADA3 /* CalculatorUITestCases */,
				5196898222FDC55D00ECB646 /* Products */,
			);
			sourceTree = "<group>";
		};
		5196898222FDC55D00ECB646 /* Products */ = {
			isa = PBXGroup;
			children = (
				5196898122FDC55D00ECB646 /* Calculator.app */,
				515DAC60246808AC004AADA3 /* CalculatorUnitTests.xctest */,
				515DAC8624681150004AADA3 /* CalculatorUITestCases.xctest */,
			);
			name = Products;
			sourceTree = "<group>";
		};
		5196898322FDC55D00ECB646 /* padc-calculator */ = {
			isa = PBXGroup;
			children = (
				5196898422FDC55D00ECB646 /* AppDelegate.swift */,
				5196898622FDC55D00ECB646 /* ViewController.swift */,
				5196898822FDC55D00ECB646 /* Main.storyboard */,
				5196898B22FDC56500ECB646 /* Assets.xcassets */,
				5196898D22FDC56500ECB646 /* LaunchScreen.storyboard */,
				5196899022FDC56500ECB646 /* Info.plist */,
				517BC68822FFE9E6005B274B /* CalculationHistoryViewController.swift */,
				517BC68A22FFEAB6005B274B /* CalculationHistoryTableViewCell.swift */,
				515DAC7024680E5C004AADA3 /* Data.swift */,
			);
			path = "padc-calculator";
			sourceTree = "<group>";
		};
/* End PBXGroup section */

/* Begin PBXNativeTarget section */
		515DAC5F246808AC004AADA3 /* CalculatorUnitTests */ = {
			isa = PBXNativeTarget;
			buildConfigurationList = 515DAC69246808AC004AADA3 /* Build configuration list for PBXNativeTarget "CalculatorUnitTests" */;
			buildPhases = (
				515DAC5C246808AC004AADA3 /* Sources */,
				515DAC5D246808AC004AADA3 /* Frameworks */,
				515DAC5E246808AC004AADA3 /* Resources */,
			);
			buildRules = (
			);
			dependencies = (
				515DAC66246808AC004AADA3 /* PBXTargetDependency */,
			);
			name = CalculatorUnitTests;
			productName = CalculatorUnitTests;
			productReference = 515DAC60246808AC004AADA3 /* CalculatorUnitTests.xctest */;
			productType = "com.apple.product-type.bundle.unit-test";
		};
		515DAC8524681150004AADA3 /* CalculatorUITestCases */ = {
			isa = PBXNativeTarget;
			buildConfigurationList = 515DAC8D24681150004AADA3 /* Build configuration list for PBXNativeTarget "CalculatorUITestCases" */;
			buildPhases = (
				515DAC8224681150004AADA3 /* Sources */,
				515DAC8324681150004AADA3 /* Frameworks */,
				515DAC8424681150004AADA3 /* Resources */,
			);
			buildRules = (
			);
			dependencies = (
				515DAC8C24681150004AADA3 /* PBXTargetDependency */,
			);
			name = CalculatorUITestCases;
			productName = CalculatorUITestCases;
			productReference = 515DAC8624681150004AADA3 /* CalculatorUITestCases.xctest */;
			productType = "com.apple.product-type.bundle.ui-testing";
		};
		5196898022FDC55D00ECB646 /* padc-calculator */ = {
			isa = PBXNativeTarget;
			buildConfigurationList = 5196899322FDC56500ECB646 /* Build configuration list for PBXNativeTarget "padc-calculator" */;
			buildPhases = (
				5196897D22FDC55D00ECB646 /* Sources */,
				5196897E22FDC55D00ECB646 /* Frameworks */,
				5196897F22FDC55D00ECB646 /* Resources */,
			);
			buildRules = (
			);
			dependencies = (
			);
			name = "padc-calculator";
			productName = "padc-calculator";
			productReference = 5196898122FDC55D00ECB646 /* Calculator.app */;
			productType = "com.apple.product-type.application";
		};
/* End PBXNativeTarget section */

/* Begin PBXProject section */
		5196897922FDC55D00ECB646 /* Project object */ = {
			isa = PBXProject;
			attributes = {
				LastSwiftUpdateCheck = 1130;
				LastUpgradeCheck = 1030;
				ORGANIZATIONNAME = "padc-cal";
				TargetAttributes = {
					515DAC5F246808AC004AADA3 = {
						CreatedOnToolsVersion = 11.3.1;
						TestTargetID = 5196898022FDC55D00ECB646;
					};
					515DAC8524681150004AADA3 = {
						CreatedOnToolsVersion = 11.3.1;
						TestTargetID = 5196898022FDC55D00ECB646;
					};
					5196898022FDC55D00ECB646 = {
						CreatedOnToolsVersion = 10.3;
					};
				};
			};
			buildConfigurationList = 5196897C22FDC55D00ECB646 /* Build configuration list for PBXProject "padc-calculator" */;
			compatibilityVersion = "Xcode 9.3";
			developmentRegion = en;
			hasScannedForEncodings = 0;
			knownRegions = (
				en,
				Base,
			);
			mainGroup = 5196897822FDC55D00ECB646;
			productRefGroup = 5196898222FDC55D00ECB646 /* Products */;
			projectDirPath = "";
			projectRoot = "";
			targets = (
				5196898022FDC55D00ECB646 /* padc-calculator */,
				515DAC5F246808AC004AADA3 /* CalculatorUnitTests */,
				515DAC8524681150004AADA3 /* CalculatorUITestCases */,
			);
		};
/* End PBXProject section */

/* Begin PBXResourcesBuildPhase section */
		515DAC5E246808AC004AADA3 /* Resources */ = {
			isa = PBXResourcesBuildPhase;
			buildActionMask = 2147483647;
			files = (
			);
			runOnlyForDeploymentPostprocessing = 0;
		};
		515DAC8424681150004AADA3 /* Resources */ = {
			isa = PBXResourcesBuildPhase;
			buildActionMask = 2147483647;
			files = (
			);
			runOnlyForDeploymentPostprocessing = 0;
		};
		5196897F22FDC55D00ECB646 /* Resources */ = {
			isa = PBXResourcesBuildPhase;
			buildActionMask = 2147483647;
			files = (
				5196898F22FDC56500ECB646 /* LaunchScreen.storyboard in Resources */,
				5196898C22FDC56500ECB646 /* Assets.xcassets in Resources */,
				5196898A22FDC55D00ECB646 /* Main.storyboard in Resources */,
			);
			runOnlyForDeploymentPostprocessing = 0;
		};
/* End PBXResourcesBuildPhase section */

/* Begin PBXSourcesBuildPhase section */
		515DAC5C246808AC004AADA3 /* Sources */ = {
			isa = PBXSourcesBuildPhase;
			buildActionMask = 2147483647;
			files = (
				515DAC7324680E8D004AADA3 /* CalculationHistoryTest.swift in Sources */,
				515DAC63246808AC004AADA3 /* CalculatorUnitTests.swift in Sources */,
			);
			runOnlyForDeploymentPostprocessing = 0;
		};
		515DAC8224681150004AADA3 /* Sources */ = {
			isa = PBXSourcesBuildPhase;
			buildActionMask = 2147483647;
			files = (
				515DAC8924681150004AADA3 /* CalculatorUITestCases.swift in Sources */,
			);
			runOnlyForDeploymentPostprocessing = 0;
		};
		5196897D22FDC55D00ECB646 /* Sources */ = {
			isa = PBXSourcesBuildPhase;
			buildActionMask = 2147483647;
			files = (
				517BC68B22FFEAB6005B274B /* CalculationHistoryTableViewCell.swift in Sources */,
				515DAC7124680E5C004AADA3 /* Data.swift in Sources */,
				5196898722FDC55D00ECB646 /* ViewController.swift in Sources */,
				517BC68922FFE9E6005B274B /* CalculationHistoryViewController.swift in Sources */,
				5196898522FDC55D00ECB646 /* AppDelegate.swift in Sources */,
			);
			runOnlyForDeploymentPostprocessing = 0;
		};
/* End PBXSourcesBuildPhase section */

/* Begin PBXTargetDependency section */
		515DAC66246808AC004AADA3 /* PBXTargetDependency */ = {
			isa = PBXTargetDependency;
			target = 5196898022FDC55D00ECB646 /* padc-calculator */;
			targetProxy = 515DAC65246808AC004AADA3 /* PBXContainerItemProxy */;
		};
		515DAC8C24681150004AADA3 /* PBXTargetDependency */ = {
			isa = PBXTargetDependency;
			target = 5196898022FDC55D00ECB646 /* padc-calculator */;
			targetProxy = 515DAC8B24681150004AADA3 /* PBXContainerItemProxy */;
		};
/* End PBXTargetDependency section */

/* Begin PBXVariantGroup section */
		5196898822FDC55D00ECB646 /* Main.storyboard */ = {
			isa = PBXVariantGroup;
			children = (
				5196898922FDC55D00ECB646 /* Base */,
			);
			name = Main.storyboard;
			sourceTree = "<group>";
		};
		5196898D22FDC56500ECB646 /* LaunchScreen.storyboard */ = {
			isa = PBXVariantGroup;
			children = (
				5196898E22FDC56500ECB646 /* Base */,
			);
			name = LaunchScreen.storyboard;
			sourceTree = "<group>";
		};
/* End PBXVariantGroup section */

/* Begin XCBuildConfiguration section */
		515DAC67246808AC004AADA3 /* Debug */ = {
			isa = XCBuildConfiguration;
			buildSettings = {
				BUNDLE_LOADER = "$(TEST_HOST)";
				CODE_SIGN_STYLE = Automatic;
				DEVELOPMENT_TEAM = J8KK28846H;
				INFOPLIST_FILE = CalculatorUnitTests/Info.plist;
				IPHONEOS_DEPLOYMENT_TARGET = 13.2;
				LD_RUNPATH_SEARCH_PATHS = (
					"$(inherited)",
					"@executable_path/Frameworks",
					"@loader_path/Frameworks",
				);
				PRODUCT_BUNDLE_IDENTIFIER = com.thethtun.CalculatorUnitTests;
				PRODUCT_NAME = "$(TARGET_NAME)";
				SWIFT_VERSION = 5.0;
				TARGETED_DEVICE_FAMILY = "1,2";
				TEST_HOST = "$(BUILT_PRODUCTS_DIR)/Calculator.app/Calculator";
			};
			name = Debug;
		};
		515DAC68246808AC004AADA3 /* Release */ = {
			isa = XCBuildConfiguration;
			buildSettings = {
				BUNDLE_LOADER = "$(TEST_HOST)";
				CODE_SIGN_STYLE = Automatic;
				DEVELOPMENT_TEAM = J8KK28846H;
				INFOPLIST_FILE = CalculatorUnitTests/Info.plist;
				IPHONEOS_DEPLOYMENT_TARGET = 13.2;
				LD_RUNPATH_SEARCH_PATHS = (
					"$(inherited)",
					"@executable_path/Frameworks",
					"@loader_path/Frameworks",
				);
				PRODUCT_BUNDLE_IDENTIFIER = com.thethtun.CalculatorUnitTests;
				PRODUCT_NAME = "$(TARGET_NAME)";
				SWIFT_VERSION = 5.0;
				TARGETED_DEVICE_FAMILY = "1,2";
				TEST_HOST = "$(BUILT_PRODUCTS_DIR)/Calculator.app/Calculator";
			};
			name = Release;
		};
		515DAC8E24681150004AADA3 /* Debug */ = {
			isa = XCBuildConfiguration;
			buildSettings = {
				CODE_SIGN_STYLE = Automatic;
				DEVELOPMENT_TEAM = J8KK28846H;
				INFOPLIST_FILE = CalculatorUITestCases/Info.plist;
				IPHONEOS_DEPLOYMENT_TARGET = 13.2;
				LD_RUNPATH_SEARCH_PATHS = (
					"$(inherited)",
					"@executable_path/Frameworks",
					"@loader_path/Frameworks",
				);
				PRODUCT_BUNDLE_IDENTIFIER = com.thethtun.CalculatorUITestCases;
				PRODUCT_NAME = "$(TARGET_NAME)";
				SWIFT_VERSION = 5.0;
				TARGETED_DEVICE_FAMILY = "1,2";
				TEST_TARGET_NAME = "padc-calculator";
			};
			name = Debug;
		};
		515DAC8F24681150004AADA3 /* Release */ = {
			isa = XCBuildConfiguration;
			buildSettings = {
				CODE_SIGN_STYLE = Automatic;
				DEVELOPMENT_TEAM = J8KK28846H;
				INFOPLIST_FILE = CalculatorUITestCases/Info.plist;
				IPHONEOS_DEPLOYMENT_TARGET = 13.2;
				LD_RUNPATH_SEARCH_PATHS = (
					"$(inherited)",
					"@executable_path/Frameworks",
					"@loader_path/Frameworks",
				);
				PRODUCT_BUNDLE_IDENTIFIER = com.thethtun.CalculatorUITestCases;
				PRODUCT_NAME = "$(TARGET_NAME)";
				SWIFT_VERSION = 5.0;
				TARGETED_DEVICE_FAMILY = "1,2";
				TEST_TARGET_NAME = "padc-calculator";
			};
			name = Release;
		};
		5196899122FDC56500ECB646 /* Debug */ = {
			isa = XCBuildConfiguration;
			buildSettings = {
				ALWAYS_SEARCH_USER_PATHS = NO;
				CLANG_ANALYZER_NONNULL = YES;
				CLANG_ANALYZER_NUMBER_OBJECT_CONVERSION = YES_AGGRESSIVE;
				CLANG_CXX_LANGUAGE_STANDARD = "gnu++14";
				CLANG_CXX_LIBRARY = "libc++";
				CLANG_ENABLE_MODULES = YES;
				CLANG_ENABLE_OBJC_ARC = YES;
				CLANG_ENABLE_OBJC_WEAK = YES;
				CLANG_WARN_BLOCK_CAPTURE_AUTORELEASING = YES;
				CLANG_WARN_BOOL_CONVERSION = YES;
				CLANG_WARN_COMMA = YES;
				CLANG_WARN_CONSTANT_CONVERSION = YES;
				CLANG_WARN_DEPRECATED_OBJC_IMPLEMENTATIONS = YES;
				CLANG_WARN_DIRECT_OBJC_ISA_USAGE = YES_ERROR;
				CLANG_WARN_DOCUMENTATION_COMMENTS = YES;
				CLANG_WARN_EMPTY_BODY = YES;
				CLANG_WARN_ENUM_CONVERSION = YES;
				CLANG_WARN_INFINITE_RECURSION = YES;
				CLANG_WARN_INT_CONVERSION = YES;
				CLANG_WARN_NON_LITERAL_NULL_CONVERSION = YES;
				CLANG_WARN_OBJC_IMPLICIT_RETAIN_SELF = YES;
				CLANG_WARN_OBJC_LITERAL_CONVERSION = YES;
				CLANG_WARN_OBJC_ROOT_CLASS = YES_ERROR;
				CLANG_WARN_RANGE_LOOP_ANALYSIS = YES;
				CLANG_WARN_STRICT_PROTOTYPES = YES;
				CLANG_WARN_SUSPICIOUS_MOVE = YES;
				CLANG_WARN_UNGUARDED_AVAILABILITY = YES_AGGRESSIVE;
				CLANG_WARN_UNREACHABLE_CODE = YES;
				CLANG_WARN__DUPLICATE_METHOD_MATCH = YES;
				CODE_SIGN_IDENTITY = "iPhone Developer";
				COPY_PHASE_STRIP = NO;
				DEBUG_INFORMATION_FORMAT = dwarf;
				ENABLE_STRICT_OBJC_MSGSEND = YES;
				ENABLE_TESTABILITY = YES;
				GCC_C_LANGUAGE_STANDARD = gnu11;
				GCC_DYNAMIC_NO_PIC = NO;
				GCC_NO_COMMON_BLOCKS = YES;
				GCC_OPTIMIZATION_LEVEL = 0;
				GCC_PREPROCESSOR_DEFINITIONS = (
					"DEBUG=1",
					"$(inherited)",
				);
				GCC_WARN_64_TO_32_BIT_CONVERSION = YES;
				GCC_WARN_ABOUT_RETURN_TYPE = YES_ERROR;
				GCC_WARN_UNDECLARED_SELECTOR = YES;
				GCC_WARN_UNINITIALIZED_AUTOS = YES_AGGRESSIVE;
				GCC_WARN_UNUSED_FUNCTION = YES;
				GCC_WARN_UNUSED_VARIABLE = YES;
				IPHONEOS_DEPLOYMENT_TARGET = 12.4;
				MTL_ENABLE_DEBUG_INFO = INCLUDE_SOURCE;
				MTL_FAST_MATH = YES;
				ONLY_ACTIVE_ARCH = YES;
				SDKROOT = iphoneos;
				SWIFT_ACTIVE_COMPILATION_CONDITIONS = DEBUG;
				SWIFT_OPTIMIZATION_LEVEL = "-Onone";
			};
			name = Debug;
		};
		5196899222FDC56500ECB646 /* Release */ = {
			isa = XCBuildConfiguration;
			buildSettings = {
				ALWAYS_SEARCH_USER_PATHS = NO;
				CLANG_ANALYZER_NONNULL = YES;
				CLANG_ANALYZER_NUMBER_OBJECT_CONVERSION = YES_AGGRESSIVE;
				CLANG_CXX_LANGUAGE_STANDARD = "gnu++14";
				CLANG_CXX_LIBRARY = "libc++";
				CLANG_ENABLE_MODULES = YES;
				CLANG_ENABLE_OBJC_ARC = YES;
				CLANG_ENABLE_OBJC_WEAK = YES;
				CLANG_WARN_BLOCK_CAPTURE_AUTORELEASING = YES;
				CLANG_WARN_BOOL_CONVERSION = YES;
				CLANG_WARN_COMMA = YES;
				CLANG_WARN_CONSTANT_CONVERSION = YES;
				CLANG_WARN_DEPRECATED_OBJC_IMPLEMENTATIONS = YES;
				CLANG_WARN_DIRECT_OBJC_ISA_USAGE = YES_ERROR;
				CLANG_WARN_DOCUMENTATION_COMMENTS = YES;
				CLANG_WARN_EMPTY_BODY = YES;
				CLANG_WARN_ENUM_CONVERSION = YES;
				CLANG_WARN_INFINITE_RECURSION = YES;
				CLANG_WARN_INT_CONVERSION = YES;
				CLANG_WARN_NON_LITERAL_NULL_CONVERSION = YES;
				CLANG_WARN_OBJC_IMPLICIT_RETAIN_SELF = YES;
				CLANG_WARN_OBJC_LITERAL_CONVERSION = YES;
				CLANG_WARN_OBJC_ROOT_CLASS = YES_ERROR;
				CLANG_WARN_RANGE_LOOP_ANALYSIS = YES;
				CLANG_WARN_STRICT_PROTOTYPES = YES;
				CLANG_WARN_SUSPICIOUS_MOVE = YES;
				CLANG_WARN_UNGUARDED_AVAILABILITY = YES_AGGRESSIVE;
				CLANG_WARN_UNREACHABLE_CODE = YES;
				CLANG_WARN__DUPLICATE_METHOD_MATCH = YES;
				CODE_SIGN_IDENTITY = "iPhone Developer";
				COPY_PHASE_STRIP = NO;
				DEBUG_INFORMATION_FORMAT = "dwarf-with-dsym";
				ENABLE_NS_ASSERTIONS = NO;
				ENABLE_STRICT_OBJC_MSGSEND = YES;
				GCC_C_LANGUAGE_STANDARD = gnu11;
				GCC_NO_COMMON_BLOCKS = YES;
				GCC_WARN_64_TO_32_BIT_CONVERSION = YES;
				GCC_WARN_ABOUT_RETURN_TYPE = YES_ERROR;
				GCC_WARN_UNDECLARED_SELECTOR = YES;
				GCC_WARN_UNINITIALIZED_AUTOS = YES_AGGRESSIVE;
				GCC_WARN_UNUSED_FUNCTION = YES;
				GCC_WARN_UNUSED_VARIABLE = YES;
				IPHONEOS_DEPLOYMENT_TARGET = 12.4;
				MTL_ENABLE_DEBUG_INFO = NO;
				MTL_FAST_MATH = YES;
				SDKROOT = iphoneos;
				SWIFT_COMPILATION_MODE = wholemodule;
				SWIFT_OPTIMIZATION_LEVEL = "-O";
				VALIDATE_PRODUCT = YES;
			};
			name = Release;
		};
		5196899422FDC56500ECB646 /* Debug */ = {
			isa = XCBuildConfiguration;
			buildSettings = {
				ASSETCATALOG_COMPILER_APPICON_NAME = AppIcon;
				CODE_SIGN_STYLE = Automatic;
				DEVELOPMENT_TEAM = P7K49769KX;
				INFOPLIST_FILE = "padc-calculator/Info.plist";
				LD_RUNPATH_SEARCH_PATHS = (
					"$(inherited)",
					"@executable_path/Frameworks",
				);
				PRODUCT_BUNDLE_IDENTIFIER = "com.mm.padc.calculator.padc-calculator";
				PRODUCT_NAME = Calculator;
				SWIFT_VERSION = 5.0;
				TARGETED_DEVICE_FAMILY = "1,2";
			};
			name = Debug;
		};
		5196899522FDC56500ECB646 /* Release */ = {
			isa = XCBuildConfiguration;
			buildSettings = {
				ASSETCATALOG_COMPILER_APPICON_NAME = AppIcon;
				CODE_SIGN_STYLE = Automatic;
				DEVELOPMENT_TEAM = P7K49769KX;
				INFOPLIST_FILE = "padc-calculator/Info.plist";
				LD_RUNPATH_SEARCH_PATHS = (
					"$(inherited)",
					"@executable_path/Frameworks",
				);
				PRODUCT_BUNDLE_IDENTIFIER = "com.mm.padc.calculator.padc-calculator";
				PRODUCT_NAME = Calculator;
				SWIFT_VERSION = 5.0;
				TARGETED_DEVICE_FAMILY = "1,2";
			};
			name = Release;
		};
/* End XCBuildConfiguration section */

/* Begin XCConfigurationList section */
		515DAC69246808AC004AADA3 /* Build configuration list for PBXNativeTarget "CalculatorUnitTests" */ = {
			isa = XCConfigurationList;
			buildConfigurations = (
				515DAC67246808AC004AADA3 /* Debug */,
				515DAC68246808AC004AADA3 /* Release */,
			);
			defaultConfigurationIsVisible = 0;
			defaultConfigurationName = Release;
		};
		515DAC8D24681150004AADA3 /* Build configuration list for PBXNativeTarget "CalculatorUITestCases" */ = {
			isa = XCConfigurationList;
			buildConfigurations = (
				515DAC8E24681150004AADA3 /* Debug */,
				515DAC8F24681150004AADA3 /* Release */,
			);
			defaultConfigurationIsVisible = 0;
			defaultConfigurationName = Release;
		};
		5196897C22FDC55D00ECB646 /* Build configuration list for PBXProject "padc-calculator" */ = {
			isa = XCConfigurationList;
			buildConfigurations = (
				5196899122FDC56500ECB646 /* Debug */,
				5196899222FDC56500ECB646 /* Release */,
			);
			defaultConfigurationIsVisible = 0;
			defaultConfigurationName = Release;
		};
		5196899322FDC56500ECB646 /* Build configuration list for PBXNativeTarget "padc-calculator" */ = {
			isa = XCConfigurationList;
			buildConfigurations = (
				5196899422FDC56500ECB646 /* Debug */,
				5196899522FDC56500ECB646 /* Release */,
			);
			defaultConfigurationIsVisible = 0;
			defaultConfigurationName = Release;
		};
/* End XCConfigurationList section */
	};
	rootObject = 5196897922FDC55D00ECB646 /* Project object */;
}
